
Microsoft Visual Studio Solution File, Format Version 12.00
# Visual Studio Version 17
VisualStudioVersion = 17.0.32014.148
MinimumVisualStudioVersion = 10.0.40219.1
Project("{9A19103F-16F7-4668-BE54-9A1E7A4F7556}") = "ConfLib", "ConfLib\ConfLib.csproj", "{ABA24699-ABDB-404C-892F-218778BEFB68}"
EndProject
Project("{9A19103F-16F7-4668-BE54-9A1E7A4F7556}") = "ConfLibTest", "ConfLibTest\ConfLibTest.csproj", "{1785214D-3F44-4BFF-A385-8128766FBFAC}"
EndProject
Project("{2150E333-8FDC-42A3-9474-1A3956D46DE8}") = "Solution Items", "Solution Items", "{82668162-7769-48F3-9296-B2B7715FEBC8}"
	ProjectSection(SolutionItems) = preProject
		.github\workflows\dotnet-desktop.yml = .github\workflows\dotnet-desktop.yml
	EndProjectSection
EndProject
Global
	GlobalSection(SolutionConfigurationPlatforms) = preSolution
		Debug|Any CPU = Debug|Any CPU
		Release|Any CPU = Release|Any CPU
	EndGlobalSection
	GlobalSection(ProjectConfigurationPlatforms) = postSolution
		{ABA24699-ABDB-404C-892F-218778BEFB68}.Debug|Any CPU.ActiveCfg = Debug|Any CPU
		{ABA24699-ABDB-404C-892F-218778BEFB68}.Debug|Any CPU.Build.0 = Debug|Any CPU
		{ABA24699-ABDB-404C-892F-218778BEFB68}.Release|Any CPU.ActiveCfg = Release|Any CPU
		{ABA24699-ABDB-404C-892F-218778BEFB68}.Release|Any CPU.Build.0 = Release|Any CPU
		{1785214D-3F44-4BFF-A385-8128766FBFAC}.Debug|Any CPU.ActiveCfg = Debug|Any CPU
		{1785214D-3F44-4BFF-A385-8128766FBFAC}.Debug|Any CPU.Build.0 = Debug|Any CPU
		{1785214D-3F44-4BFF-A385-8128766FBFAC}.Release|Any CPU.ActiveCfg = Release|Any CPU
		{1785214D-3F44-4BFF-A385-8128766FBFAC}.Release|Any CPU.Build.0 = Release|Any CPU
	EndGlobalSection
	GlobalSection(SolutionProperties) = preSolution
		HideSolutionNode = FALSE
	EndGlobalSection
	GlobalSection(ExtensibilityGlobals) = postSolution
		SolutionGuid = {3A50C0B3-BAC0-4DDB-B410-BB7F6EDF6BD3}
	EndGlobalSection
EndGlobal
